
Microsoft Visual Studio Solution File, Format Version 12.00
# Visual Studio Version 17
VisualStudioVersion = 17.5.002.0
MinimumVisualStudioVersion = 10.0.40219.1
Project("{2150E333-8FDC-42A3-9474-1A3956D46DE8}") = "backend", "backend", "{4941FD7E-2A2C-4CDD-995F-4A8A35A20AEF}"
EndProject
Project("{9A19103F-16F7-4668-BE54-9A1E7A4F7556}") = "ClinicAPI", "backend\ClinicAPI\ClinicAPI.csproj", "{8E4154A6-409B-4CF5-AC7F-A75BB628D496}"
EndProject
Global
	GlobalSection(SolutionConfigurationPlatforms) = preSolution
		Debug|Any CPU = Debug|Any CPU
		Release|Any CPU = Release|Any CPU
	EndGlobalSection
	GlobalSection(ProjectConfigurationPlatforms) = postSolution
		{8E4154A6-409B-4CF5-AC7F-A75BB628D496}.Debug|Any CPU.ActiveCfg = Debug|Any CPU
		{8E4154A6-409B-4CF5-AC7F-A75BB628D496}.Debug|Any CPU.Build.0 = Debug|Any CPU
		{8E4154A6-409B-4CF5-AC7F-A75BB628D496}.Release|Any CPU.ActiveCfg = Release|Any CPU
		{8E4154A6-409B-4CF5-AC7F-A75BB628D496}.Release|Any CPU.Build.0 = Release|Any CPU
	EndGlobalSection
	GlobalSection(SolutionProperties) = preSolution
		HideSolutionNode = FALSE
	EndGlobalSection
	GlobalSection(NestedProjects) = preSolution
		{8E4154A6-409B-4CF5-AC7F-A75BB628D496} = {4941FD7E-2A2C-4CDD-995F-4A8A35A20AEF}
	EndGlobalSection
	GlobalSection(ExtensibilityGlobals) = postSolution
		SolutionGuid = {DFDC3F62-4CA6-4720-B047-2257754A2159}
	EndGlobalSection
EndGlobal
